
Microsoft Visual Studio Solution File, Format Version 12.00
# Visual Studio Version 16
VisualStudioVersion = 16.0.29306.81
MinimumVisualStudioVersion = 10.0.40219.1
Project("{F184B08F-C81C-45F6-A57F-5ABD9991F28F}") = "IMAGE", "IMAGE.vbproj", "{AEC00166-4023-4FAD-9B80-688F70036B3B}"
EndProject
Global
	GlobalSection(SolutionConfigurationPlatforms) = preSolution
		Debug|Any CPU = Debug|Any CPU
		Release|Any CPU = Release|Any CPU
	EndGlobalSection
	GlobalSection(ProjectConfigurationPlatforms) = postSolution
		{AEC00166-4023-4FAD-9B80-688F70036B3B}.Debug|Any CPU.ActiveCfg = Debug|Any CPU
		{AEC00166-4023-4FAD-9B80-688F70036B3B}.Debug|Any CPU.Build.0 = Debug|Any CPU
		{AEC00166-4023-4FAD-9B80-688F70036B3B}.Release|Any CPU.ActiveCfg = Release|Any CPU
		{AEC00166-4023-4FAD-9B80-688F70036B3B}.Release|Any CPU.Build.0 = Release|Any CPU
	EndGlobalSection
	GlobalSection(SolutionProperties) = preSolution
		HideSolutionNode = FALSE
	EndGlobalSection
	GlobalSection(ExtensibilityGlobals) = postSolution
		SolutionGuid = {F9A3D320-9267-48BC-BCE7-E66E01F16CB6}
	EndGlobalSection
EndGlobal
